// !$*UTF8*$!
{
	archiveVersion = 1;
	classes = {
	};
	objectVersion = 46;
	objects = {

/* Begin PBXBuildFile section */
		DCDD902D1DE7DB1500222438 /* main.m in Sources */ = {isa = PBXBuildFile; fileRef = DCDD902C1DE7DB1500222438 /* main.m */; };
		DCDD90301DE7DB1500222438 /* AppDelegate.m in Sources */ = {isa = PBXBuildFile; fileRef = DCDD902F1DE7DB1500222438 /* AppDelegate.m */; };
		DCDD90331DE7DB1500222438 /* ViewController.m in Sources */ = {isa = PBXBuildFile; fileRef = DCDD90321DE7DB1500222438 /* ViewController.m */; };
		DCDD90361DE7DB1500222438 /* Main.storyboard in Resources */ = {isa = PBXBuildFile; fileRef = DCDD90341DE7DB1500222438 /* Main.storyboard */; };
		DCDD90381DE7DB1500222438 /* Assets.xcassets in Resources */ = {isa = PBXBuildFile; fileRef = DCDD90371DE7DB1500222438 /* Assets.xcassets */; };
		DCDD903B1DE7DB1500222438 /* LaunchScreen.storyboard in Resources */ = {isa = PBXBuildFile; fileRef = DCDD90391DE7DB1500222438 /* LaunchScreen.storyboard */; };
		DCDD90561DE7DBA500222438 /* SoundsPlayer.m in Sources */ = {isa = PBXBuildFile; fileRef = DCDD90461DE7DBA500222438 /* SoundsPlayer.m */; };
		DCDD90571DE7DBA500222438 /* KMLocationHelp.m in Sources */ = {isa = PBXBuildFile; fileRef = DCDD90491DE7DBA500222438 /* KMLocationHelp.m */; };
		DCDD905E1DE7DBF000222438 /* NSDictionary+KMExtension.m in Sources */ = {isa = PBXBuildFile; fileRef = DCDD905D1DE7DBF000222438 /* NSDictionary+KMExtension.m */; };
		DCDD90611DE7DC9000222438 /* NSString+KMExtension.m in Sources */ = {isa = PBXBuildFile; fileRef = DCDD90601DE7DC9000222438 /* NSString+KMExtension.m */; };
		DCDD90641DE8215600222438 /* UIImage+KMExtension.m in Sources */ = {isa = PBXBuildFile; fileRef = DCDD90631DE8215600222438 /* UIImage+KMExtension.m */; };
		DCDD90671DE821FC00222438 /* UIView+KMExtension.m in Sources */ = {isa = PBXBuildFile; fileRef = DCDD90661DE821FC00222438 /* UIView+KMExtension.m */; };
/* End PBXBuildFile section */

/* Begin PBXFileReference section */
		DC0C9BA11DEC3AAE0004D636 /* KMCategories.h */ = {isa = PBXFileReference; fileEncoding = 4; lastKnownFileType = sourcecode.c.h; path = KMCategories.h; sourceTree = "<group>"; };
		DCDD90281DE7DB1500222438 /* Project.app */ = {isa = PBXFileReference; explicitFileType = wrapper.application; includeInIndex = 0; path = Project.app; sourceTree = BUILT_PRODUCTS_DIR; };
		DCDD902C1DE7DB1500222438 /* main.m */ = {isa = PBXFileReference; lastKnownFileType = sourcecode.c.objc; path = main.m; sourceTree = "<group>"; };
		DCDD902E1DE7DB1500222438 /* AppDelegate.h */ = {isa = PBXFileReference; lastKnownFileType = sourcecode.c.h; path = AppDelegate.h; sourceTree = "<group>"; };
		DCDD902F1DE7DB1500222438 /* AppDelegate.m */ = {isa = PBXFileReference; lastKnownFileType = sourcecode.c.objc; path = AppDelegate.m; sourceTree = "<group>"; };
		DCDD90311DE7DB1500222438 /* ViewController.h */ = {isa = PBXFileReference; lastKnownFileType = sourcecode.c.h; path = ViewController.h; sourceTree = "<group>"; };
		DCDD90321DE7DB1500222438 /* ViewController.m */ = {isa = PBXFileReference; lastKnownFileType = sourcecode.c.objc; path = ViewController.m; sourceTree = "<group>"; };
		DCDD90351DE7DB1500222438 /* Base */ = {isa = PBXFileReference; lastKnownFileType = file.storyboard; name = Base; path = Base.lproj/Main.storyboard; sourceTree = "<group>"; };
		DCDD90371DE7DB1500222438 /* Assets.xcassets */ = {isa = PBXFileReference; lastKnownFileType = folder.assetcatalog; path = Assets.xcassets; sourceTree = "<group>"; };
		DCDD903A1DE7DB1500222438 /* Base */ = {isa = PBXFileReference; lastKnownFileType = file.storyboard; name = Base; path = Base.lproj/LaunchScreen.storyboard; sourceTree = "<group>"; };
		DCDD903C1DE7DB1500222438 /* Info.plist */ = {isa = PBXFileReference; lastKnownFileType = text.plist.xml; path = Info.plist; sourceTree = "<group>"; };
		DCDD90451DE7DBA500222438 /* SoundsPlayer.h */ = {isa = PBXFileReference; fileEncoding = 4; lastKnownFileType = sourcecode.c.h; path = SoundsPlayer.h; sourceTree = "<group>"; };
		DCDD90461DE7DBA500222438 /* SoundsPlayer.m */ = {isa = PBXFileReference; fileEncoding = 4; lastKnownFileType = sourcecode.c.objc; path = SoundsPlayer.m; sourceTree = "<group>"; };
		DCDD90481DE7DBA500222438 /* KMLocationHelp.h */ = {isa = PBXFileReference; fileEncoding = 4; lastKnownFileType = sourcecode.c.h; path = KMLocationHelp.h; sourceTree = "<group>"; };
		DCDD90491DE7DBA500222438 /* KMLocationHelp.m */ = {isa = PBXFileReference; fileEncoding = 4; lastKnownFileType = sourcecode.c.objc; path = KMLocationHelp.m; sourceTree = "<group>"; };
		DCDD905C1DE7DBF000222438 /* NSDictionary+KMExtension.h */ = {isa = PBXFileReference; fileEncoding = 4; lastKnownFileType = sourcecode.c.h; path = "NSDictionary+KMExtension.h"; sourceTree = "<group>"; };
		DCDD905D1DE7DBF000222438 /* NSDictionary+KMExtension.m */ = {isa = PBXFileReference; fileEncoding = 4; lastKnownFileType = sourcecode.c.objc; path = "NSDictionary+KMExtension.m"; sourceTree = "<group>"; };
		DCDD905F1DE7DC9000222438 /* NSString+KMExtension.h */ = {isa = PBXFileReference; fileEncoding = 4; lastKnownFileType = sourcecode.c.h; path = "NSString+KMExtension.h"; sourceTree = "<group>"; };
		DCDD90601DE7DC9000222438 /* NSString+KMExtension.m */ = {isa = PBXFileReference; fileEncoding = 4; lastKnownFileType = sourcecode.c.objc; path = "NSString+KMExtension.m"; sourceTree = "<group>"; };
		DCDD90621DE8215600222438 /* UIImage+KMExtension.h */ = {isa = PBXFileReference; fileEncoding = 4; lastKnownFileType = sourcecode.c.h; path = "UIImage+KMExtension.h"; sourceTree = "<group>"; };
		DCDD90631DE8215600222438 /* UIImage+KMExtension.m */ = {isa = PBXFileReference; fileEncoding = 4; lastKnownFileType = sourcecode.c.objc; path = "UIImage+KMExtension.m"; sourceTree = "<group>"; };
		DCDD90651DE821FC00222438 /* UIView+KMExtension.h */ = {isa = PBXFileReference; fileEncoding = 4; lastKnownFileType = sourcecode.c.h; path = "UIView+KMExtension.h"; sourceTree = "<group>"; };
		DCDD90661DE821FC00222438 /* UIView+KMExtension.m */ = {isa = PBXFileReference; fileEncoding = 4; lastKnownFileType = sourcecode.c.objc; path = "UIView+KMExtension.m"; sourceTree = "<group>"; };
/* End PBXFileReference section */

/* Begin PBXFrameworksBuildPhase section */
		DCDD90251DE7DB1500222438 /* Frameworks */ = {
			isa = PBXFrameworksBuildPhase;
			buildActionMask = 2147483647;
			files = (
			);
			runOnlyForDeploymentPostprocessing = 0;
		};
/* End PBXFrameworksBuildPhase section */

/* Begin PBXGroup section */
		DCDD901F1DE7DB1500222438 = {
			isa = PBXGroup;
			children = (
				DCDD902A1DE7DB1500222438 /* Project */,
				DCDD90291DE7DB1500222438 /* Products */,
			);
			sourceTree = "<group>";
		};
		DCDD90291DE7DB1500222438 /* Products */ = {
			isa = PBXGroup;
			children = (
				DCDD90281DE7DB1500222438 /* Project.app */,
			);
			name = Products;
			sourceTree = "<group>";
		};
		DCDD902A1DE7DB1500222438 /* Project */ = {
			isa = PBXGroup;
			children = (
				DCDD90431DE7DBA500222438 /* Classes */,
				DCDD902E1DE7DB1500222438 /* AppDelegate.h */,
				DCDD902F1DE7DB1500222438 /* AppDelegate.m */,
				DCDD90311DE7DB1500222438 /* ViewController.h */,
				DCDD90321DE7DB1500222438 /* ViewController.m */,
				DCDD90341DE7DB1500222438 /* Main.storyboard */,
				DCDD90371DE7DB1500222438 /* Assets.xcassets */,
				DCDD90391DE7DB1500222438 /* LaunchScreen.storyboard */,
				DCDD903C1DE7DB1500222438 /* Info.plist */,
				DCDD902B1DE7DB1500222438 /* Supporting Files */,
			);
			path = Project;
			sourceTree = "<group>";
		};
		DCDD902B1DE7DB1500222438 /* Supporting Files */ = {
			isa = PBXGroup;
			children = (
				DCDD902C1DE7DB1500222438 /* main.m */,
			);
			name = "Supporting Files";
			sourceTree = "<group>";
		};
		DCDD90431DE7DBA500222438 /* Classes */ = {
			isa = PBXGroup;
			children = (
				DCDD90441DE7DBA500222438 /* AudioPlayer */,
				DCDD90471DE7DBA500222438 /* KMLocationHelp */,
				DCDD904A1DE7DBA500222438 /* NDDictionary */,
				DCDD904D1DE7DBA500222438 /* NSString */,
				DCDD90501DE7DBA500222438 /* UIImage */,
				DCDD90531DE7DBA500222438 /* UIView */,
				DC0C9BA11DEC3AAE0004D636 /* KMCategories.h */,
			);
			path = Classes;
			sourceTree = "<group>";
		};
		DCDD90441DE7DBA500222438 /* AudioPlayer */ = {
			isa = PBXGroup;
			children = (
				DCDD90451DE7DBA500222438 /* SoundsPlayer.h */,
				DCDD90461DE7DBA500222438 /* SoundsPlayer.m */,
			);
			path = AudioPlayer;
			sourceTree = "<group>";
		};
		DCDD90471DE7DBA500222438 /* KMLocationHelp */ = {
			isa = PBXGroup;
			children = (
				DCDD90481DE7DBA500222438 /* KMLocationHelp.h */,
				DCDD90491DE7DBA500222438 /* KMLocationHelp.m */,
			);
			path = KMLocationHelp;
			sourceTree = "<group>";
		};
		DCDD904A1DE7DBA500222438 /* NDDictionary */ = {
			isa = PBXGroup;
			children = (
				DCDD905C1DE7DBF000222438 /* NSDictionary+KMExtension.h */,
				DCDD905D1DE7DBF000222438 /* NSDictionary+KMExtension.m */,
			);
			path = NDDictionary;
			sourceTree = "<group>";
		};
		DCDD904D1DE7DBA500222438 /* NSString */ = {
			isa = PBXGroup;
			children = (
				DCDD905F1DE7DC9000222438 /* NSString+KMExtension.h */,
				DCDD90601DE7DC9000222438 /* NSString+KMExtension.m */,
			);
			path = NSString;
			sourceTree = "<group>";
		};
		DCDD90501DE7DBA500222438 /* UIImage */ = {
			isa = PBXGroup;
			children = (
				DCDD90621DE8215600222438 /* UIImage+KMExtension.h */,
				DCDD90631DE8215600222438 /* UIImage+KMExtension.m */,
			);
			path = UIImage;
			sourceTree = "<group>";
		};
		DCDD90531DE7DBA500222438 /* UIView */ = {
			isa = PBXGroup;
			children = (
				DCDD90651DE821FC00222438 /* UIView+KMExtension.h */,
				DCDD90661DE821FC00222438 /* UIView+KMExtension.m */,
			);
			path = UIView;
			sourceTree = "<group>";
		};
/* End PBXGroup section */

/* Begin PBXNativeTarget section */
		DCDD90271DE7DB1500222438 /* Project */ = {
			isa = PBXNativeTarget;
			buildConfigurationList = DCDD903F1DE7DB1500222438 /* Build configuration list for PBXNativeTarget "Project" */;
			buildPhases = (
				DCDD90241DE7DB1500222438 /* Sources */,
				DCDD90251DE7DB1500222438 /* Frameworks */,
				DCDD90261DE7DB1500222438 /* Resources */,
			);
			buildRules = (
			);
			dependencies = (
			);
			name = Project;
			productName = Project;
			productReference = DCDD90281DE7DB1500222438 /* Project.app */;
			productType = "com.apple.product-type.application";
		};
/* End PBXNativeTarget section */

/* Begin PBXProject section */
		DCDD90201DE7DB1500222438 /* Project object */ = {
			isa = PBXProject;
			attributes = {
				LastUpgradeCheck = 0810;
				ORGANIZATIONNAME = kimiLin;
				TargetAttributes = {
					DCDD90271DE7DB1500222438 = {
						CreatedOnToolsVersion = 8.1;
						DevelopmentTeam = 2E38PQV246;
						ProvisioningStyle = Automatic;
					};
				};
			};
			buildConfigurationList = DCDD90231DE7DB1500222438 /* Build configuration list for PBXProject "Project" */;
			compatibilityVersion = "Xcode 3.2";
			developmentRegion = English;
			hasScannedForEncodings = 0;
			knownRegions = (
				en,
				Base,
			);
			mainGroup = DCDD901F1DE7DB1500222438;
			productRefGroup = DCDD90291DE7DB1500222438 /* Products */;
			projectDirPath = "";
			projectRoot = "";
			targets = (
				DCDD90271DE7DB1500222438 /* Project */,
			);
		};
/* End PBXProject section */

/* Begin PBXResourcesBuildPhase section */
		DCDD90261DE7DB1500222438 /* Resources */ = {
			isa = PBXResourcesBuildPhase;
			buildActionMask = 2147483647;
			files = (
				DCDD903B1DE7DB1500222438 /* LaunchScreen.storyboard in Resources */,
				DCDD90381DE7DB1500222438 /* Assets.xcassets in Resources */,
				DCDD90361DE7DB1500222438 /* Main.storyboard in Resources */,
			);
			runOnlyForDeploymentPostprocessing = 0;
		};
/* End PBXResourcesBuildPhase section */

/* Begin PBXSourcesBuildPhase section */
		DCDD90241DE7DB1500222438 /* Sources */ = {
			isa = PBXSourcesBuildPhase;
			buildActionMask = 2147483647;
			files = (
				DCDD905E1DE7DBF000222438 /* NSDictionary+KMExtension.m in Sources */,
				DCDD90331DE7DB1500222438 /* ViewController.m in Sources */,
				DCDD90611DE7DC9000222438 /* NSString+KMExtension.m in Sources */,
				DCDD90571DE7DBA500222438 /* KMLocationHelp.m in Sources */,
				DCDD90301DE7DB1500222438 /* AppDelegate.m in Sources */,
				DCDD90641DE8215600222438 /* UIImage+KMExtension.m in Sources */,
				DCDD90561DE7DBA500222438 /* SoundsPlayer.m in Sources */,
				DCDD90671DE821FC00222438 /* UIView+KMExtension.m in Sources */,
				DCDD902D1DE7DB1500222438 /* main.m in Sources */,
			);
			runOnlyForDeploymentPostprocessing = 0;
		};
/* End PBXSourcesBuildPhase section */

/* Begin PBXVariantGroup section */
		DCDD90341DE7DB1500222438 /* Main.storyboard */ = {
			isa = PBXVariantGroup;
			children = (
				DCDD90351DE7DB1500222438 /* Base */,
			);
			name = Main.storyboard;
			sourceTree = "<group>";
		};
		DCDD90391DE7DB1500222438 /* LaunchScreen.storyboard */ = {
			isa = PBXVariantGroup;
			children = (
				DCDD903A1DE7DB1500222438 /* Base */,
			);
			name = LaunchScreen.storyboard;
			sourceTree = "<group>";
		};
/* End PBXVariantGroup section */

/* Begin XCBuildConfiguration section */
		DCDD903D1DE7DB1500222438 /* Debug */ = {
			isa = XCBuildConfiguration;
			buildSettings = {
				ALWAYS_SEARCH_USER_PATHS = NO;
				CLANG_ANALYZER_NONNULL = YES;
				CLANG_CXX_LANGUAGE_STANDARD = "gnu++0x";
				CLANG_CXX_LIBRARY = "libc++";
				CLANG_ENABLE_MODULES = YES;
				CLANG_ENABLE_OBJC_ARC = YES;
				CLANG_WARN_BOOL_CONVERSION = YES;
				CLANG_WARN_CONSTANT_CONVERSION = YES;
				CLANG_WARN_DIRECT_OBJC_ISA_USAGE = YES_ERROR;
				CLANG_WARN_DOCUMENTATION_COMMENTS = YES;
				CLANG_WARN_EMPTY_BODY = YES;
				CLANG_WARN_ENUM_CONVERSION = YES;
				CLANG_WARN_INFINITE_RECURSION = YES;
				CLANG_WARN_INT_CONVERSION = YES;
				CLANG_WARN_OBJC_ROOT_CLASS = YES_ERROR;
				CLANG_WARN_SUSPICIOUS_MOVES = YES;
				CLANG_WARN_UNREACHABLE_CODE = YES;
				CLANG_WARN__DUPLICATE_METHOD_MATCH = YES;
				"CODE_SIGN_IDENTITY[sdk=iphoneos*]" = "iPhone Developer";
				COPY_PHASE_STRIP = NO;
				DEBUG_INFORMATION_FORMAT = dwarf;
				ENABLE_STRICT_OBJC_MSGSEND = YES;
				ENABLE_TESTABILITY = YES;
				GCC_C_LANGUAGE_STANDARD = gnu99;
				GCC_DYNAMIC_NO_PIC = NO;
				GCC_NO_COMMON_BLOCKS = YES;
				GCC_OPTIMIZATION_LEVEL = 0;
				GCC_PREPROCESSOR_DEFINITIONS = (
					"DEBUG=1",
					"$(inherited)",
				);
				GCC_WARN_64_TO_32_BIT_CONVERSION = YES;
				GCC_WARN_ABOUT_RETURN_TYPE = YES_ERROR;
				GCC_WARN_UNDECLARED_SELECTOR = YES;
				GCC_WARN_UNINITIALIZED_AUTOS = YES_AGGRESSIVE;
				GCC_WARN_UNUSED_FUNCTION = YES;
				GCC_WARN_UNUSED_VARIABLE = YES;
				IPHONEOS_DEPLOYMENT_TARGET = 10.1;
				MTL_ENABLE_DEBUG_INFO = YES;
				ONLY_ACTIVE_ARCH = YES;
				SDKROOT = iphoneos;
				TARGETED_DEVICE_FAMILY = "1,2";
			};
			name = Debug;
		};
		DCDD903E1DE7DB1500222438 /* Release */ = {
			isa = XCBuildConfiguration;
			buildSettings = {
				ALWAYS_SEARCH_USER_PATHS = NO;
				CLANG_ANALYZER_NONNULL = YES;
				CLANG_CXX_LANGUAGE_STANDARD = "gnu++0x";
				CLANG_CXX_LIBRARY = "libc++";
				CLANG_ENABLE_MODULES = YES;
				CLANG_ENABLE_OBJC_ARC = YES;
				CLANG_WARN_BOOL_CONVERSION = YES;
				CLANG_WARN_CONSTANT_CONVERSION = YES;
				CLANG_WARN_DIRECT_OBJC_ISA_USAGE = YES_ERROR;
				CLANG_WARN_DOCUMENTATION_COMMENTS = YES;
				CLANG_WARN_EMPTY_BODY = YES;
				CLANG_WARN_ENUM_CONVERSION = YES;
				CLANG_WARN_INFINITE_RECURSION = YES;
				CLANG_WARN_INT_CONVERSION = YES;
				CLANG_WARN_OBJC_ROOT_CLASS = YES_ERROR;
				CLANG_WARN_SUSPICIOUS_MOVES = YES;
				CLANG_WARN_UNREACHABLE_CODE = YES;
				CLANG_WARN__DUPLICATE_METHOD_MATCH = YES;
				"CODE_SIGN_IDENTITY[sdk=iphoneos*]" = "iPhone Developer";
				COPY_PHASE_STRIP = NO;
				DEBUG_INFORMATION_FORMAT = "dwarf-with-dsym";
				ENABLE_NS_ASSERTIONS = NO;
				ENABLE_STRICT_OBJC_MSGSEND = YES;
				GCC_C_LANGUAGE_STANDARD = gnu99;
				GCC_NO_COMMON_BLOCKS = YES;
				GCC_WARN_64_TO_32_BIT_CONVERSION = YES;
				GCC_WARN_ABOUT_RETURN_TYPE = YES_ERROR;
				GCC_WARN_UNDECLARED_SELECTOR = YES;
				GCC_WARN_UNINITIALIZED_AUTOS = YES_AGGRESSIVE;
				GCC_WARN_UNUSED_FUNCTION = YES;
				GCC_WARN_UNUSED_VARIABLE = YES;
				IPHONEOS_DEPLOYMENT_TARGET = 10.1;
				MTL_ENABLE_DEBUG_INFO = NO;
				SDKROOT = iphoneos;
				TARGETED_DEVICE_FAMILY = "1,2";
				VALIDATE_PRODUCT = YES;
			};
			name = Release;
		};
		DCDD90401DE7DB1500222438 /* Debug */ = {
			isa = XCBuildConfiguration;
			buildSettings = {
				ASSETCATALOG_COMPILER_APPICON_NAME = AppIcon;
				CODE_SIGN_IDENTITY = "iPhone Developer";
				"CODE_SIGN_IDENTITY[sdk=iphoneos*]" = "iPhone Developer: Guangjiu Zhao (3PA92SR9SL)";
				DEVELOPMENT_TEAM = 2E38PQV246;
				INFOPLIST_FILE = Project/Info.plist;
				IPHONEOS_DEPLOYMENT_TARGET = 7.0;
				LD_RUNPATH_SEARCH_PATHS = "$(inherited) @executable_path/Frameworks";
				PRODUCT_BUNDLE_IDENTIFIER = com.test.scriptTest;
				PRODUCT_NAME = "$(TARGET_NAME)";
				PROVISIONING_PROFILE = "a88654c5-4395-44df-84c4-9b1dd72b3d7d";
			};
			name = Debug;
		};
		DCDD90411DE7DB1500222438 /* Release */ = {
			isa = XCBuildConfiguration;
			buildSettings = {
				ASSETCATALOG_COMPILER_APPICON_NAME = AppIcon;
				CODE_SIGN_IDENTITY = "iPhone Developer";
				"CODE_SIGN_IDENTITY[sdk=iphoneos*]" = "iPhone Developer: Guangjiu Zhao (3PA92SR9SL)";
				DEVELOPMENT_TEAM = 2E38PQV246;
				INFOPLIST_FILE = Project/Info.plist;
				IPHONEOS_DEPLOYMENT_TARGET = 7.0;
				LD_RUNPATH_SEARCH_PATHS = "$(inherited) @executable_path/Frameworks";
				PRODUCT_BUNDLE_IDENTIFIER = com.test.scriptTest;
				PRODUCT_NAME = "$(TARGET_NAME)";
				PROVISIONING_PROFILE = "a88654c5-4395-44df-84c4-9b1dd72b3d7d";
			};
			name = Release;
		};
/* End XCBuildConfiguration section */

/* Begin XCConfigurationList section */
		DCDD90231DE7DB1500222438 /* Build configuration list for PBXProject "Project" */ = {
			isa = XCConfigurationList;
			buildConfigurations = (
				DCDD903D1DE7DB1500222438 /* Debug */,
				DCDD903E1DE7DB1500222438 /* Release */,
			);
			defaultConfigurationIsVisible = 0;
			defaultConfigurationName = Release;
		};
		DCDD903F1DE7DB1500222438 /* Build configuration list for PBXNativeTarget "Project" */ = {
			isa = XCConfigurationList;
			buildConfigurations = (
				DCDD90401DE7DB1500222438 /* Debug */,
				DCDD90411DE7DB1500222438 /* Release */,
			);
			defaultConfigurationIsVisible = 0;
			defaultConfigurationName = Release;
		};
/* End XCConfigurationList section */
	};
	rootObject = DCDD90201DE7DB1500222438 /* Project object */;
}
